{
  "version": 4,
  "terraform_version": "1.14.7",
  "serial": 619,
  "lineage": "7e497034-5be3-cc87-1bce-eedf639e1800",
  "outputs": {
    "dominus_container_name": {
      "value": "dominus_broker",
      "type": "string"
    },
    "dominus_image_id": {
      "value": "sha256:4e959cc7622d0e3ac8e1d24dec49c4321f1f0b598a5ac57c07ad4651497a1d06",
      "type": "string"
    },
    "dominus_ports": {
      "value": "\"[{\\\"external\\\":8000,\\\"internal\\\":8000},{\\\"external\\\":5000,\\\"internal\\\":5000}]\"",
      "type": "string"
    },
    "grafana_container_name": {
      "value": "grafana",
      "type": "string"
    },
    "grafana_container_ports": {
      "value": [
        {
          "external": 3000,
          "internal": 3000
        }
      ],
      "type": [
        "tuple",
        [
          [
            "object",
            {
              "external": "number",
              "internal": "number"
            }
          ]
        ]
      ]
    },
    "grafana_image_id": {
      "value": "sha256:83749231c3835e390a3144e5e940203e42b9589761f20ef3169c716e734ad505",
      "type": "string"
    },
    "prometheus_container_name": {
      "value": "prometheus",
      "type": "string"
    },
    "prometheus_container_ports": {
      "value": [
        {
          "external": 9090,
          "internal": 9090
        }
      ],
      "type": [
        "tuple",
        [
          [
            "object",
            {
              "external": "number",
              "internal": "number"
            }
          ]
        ]
      ]
    },
    "prometheus_image_id": {
      "value": "sha256:759ea6db49103737f2a6f420b0d1632062d8ad99dec086c76db605fd0bf23e15",
      "type": "string"
    },
    "redis_container_name": {
      "value": "redis",
      "type": "string"
    },
    "redis_container_ports": {
      "value": [
        {
          "external": 6379,
          "internal": 6379
        }
      ],
      "type": [
        "tuple",
        [
          [
            "object",
            {
              "external": "number",
              "internal": "number"
            }
          ]
        ]
      ]
    },
    "redis_image_id": {
      "value": "sha256:efaeb9e1c3a971315e89c1b494ea39f4d2e3c699208b671184182d8eb58112ab",
      "type": "string"
    },
    "sidecar_container_name": {
      "value": "sidecar",
      "type": "string"
    },
    "sidecar_container_ports": {
      "value": [
        {
          "external": 80,
          "internal": 80
        }
      ],
      "type": [
        "tuple",
        [
          [
            "object",
            {
              "external": "number",
              "internal": "number"
            }
          ]
        ]
      ]
    },
    "sidecar_image_id": {
      "value": "sha256:7f0adca1fc6c29c8dc49a2e90037a10ba20dc266baaed0988e9fb4d0d8b85ba0",
      "type": "string"
    }
  },
  "resources": [
    {
      "module": "module.dominus_server.module.dominus_container",
      "mode": "managed",
      "type": "docker_container",
      "name": "container",
      "provider": "provider[\"registry.terraform.io/kreuzwerker/docker\"]",
      "instances": [
        {
          "schema_version": 2,
          "attributes": {
            "attach": false,
            "bridge": "",
            "capabilities": [],
            "cgroup_parent": null,
            "cgroupns_mode": null,
            "command": [
              "./dominus",
              "-prod=true",
              "-banner=true"
            ],
            "container_logs": null,
            "container_read_refresh_timeout_milliseconds": 15000,
            "cpu_period": null,
            "cpu_quota": null,
            "cpu_set": "",
            "cpu_shares": 0,
            "cpus": "5.0",
            "destroy_grace_seconds": null,
            "device_read_bps": [],
            "device_read_iops": [],
            "device_requests": [],
            "device_write_bps": [],
            "device_write_iops": [],
            "devices": [],
            "dns": null,
            "dns_opts": null,
            "dns_search": null,
            "domainname": "",
            "entrypoint": [
              "/app/env/entrypoint.sh"
            ],
            "env": [],
            "exit_code": 2,
            "gpus": null,
            "group_add": null,
            "healthcheck": [
              {
                "interval": "1m0s",
                "retries": 3,
                "start_interval": "0s",
                "start_period": "0s",
                "test": [
                  "CMD",
                  "wget",
                  "-qO-",
                  "--header",
                  "x-api-key: dominus_example_@10102024KeyServerToken",
                  "http://127.0.0.1:8000/health"
                ],
                "timeout": "1s"
              }
            ],
            "host": [],
            "hostname": "aa4dd557c3d0",
            "id": "aa4dd557c3d01f7cba30f2565c230ec68aaf5dc115870e43bf2323864233b339",
            "image": "sha256:4e959cc7622d0e3ac8e1d24dec49c4321f1f0b598a5ac57c07ad4651497a1d06",
            "init": false,
            "ipc_mode": "private",
            "labels": [],
            "log_driver": "json-file",
            "log_opts": null,
            "logs": false,
            "max_retry_count": 0,
            "memory": 500,
            "memory_reservation": 0,
            "memory_swap": 1000,
            "mounts": [],
            "must_run": false,
            "name": "dominus_broker",
            "network_data": [
              {
                "gateway": "",
                "global_ipv6_address": "",
                "global_ipv6_prefix_length": 0,
                "ip_address": "",
                "ip_prefix_length": 0,
                "ipv6_gateway": "",
                "mac_address": "",
                "network_name": "dominus"
              }
            ],
            "network_mode": "bridge",
            "networks_advanced": [
              {
                "aliases": [],
                "driver_opts": [],
                "gw_priority": null,
                "ipv4_address": "",
                "ipv6_address": "",
                "link_local_ips": [],
                "mac_address": "",
                "name": "dominus"
              }
            ],
            "pid_mode": "",
            "ports": [],
            "privileged": false,
            "publish_all_ports": false,
            "read_only": false,
            "remove_volumes": true,
            "restart": "no",
            "rm": false,
            "runtime": "runc",
            "security_opts": [],
            "shm_size": 64,
            "start": true,
            "stdin_open": false,
            "stop_signal": "",
            "stop_timeout": 1,
            "storage_opts": null,
            "sysctls": null,
            "timeouts": null,
            "tmpfs": null,
            "tty": false,
            "ulimit": [],
            "upload": [],
            "user": "appuser",
            "userns_mode": "",
            "volumes": [
              {
                "container_path": "/etc/dominus/certs",
                "from_container": "",
                "host_path": "",
                "read_only": false,
                "selinux_relabel": "",
                "volume_name": "dominus_certs"
              }
            ],
            "wait": false,
            "wait_timeout": 60,
            "working_dir": "/app"
          },
          "sensitive_attributes": [],
          "identity_schema_version": 0,
          "private": "eyJlMmJmYjczMC1lY2FhLTExZTYtOGY4OC0zNDM2M2JjN2M0YzAiOnsiY3JlYXRlIjoxMjAwMDAwMDAwMDAwLCJkZWxldGUiOjEyMDAwMDAwMDAwMDAsInVwZGF0ZSI6MTIwMDAwMDAwMDAwMH0sInNjaGVtYV92ZXJzaW9uIjoiMiJ9",
          "dependencies": [
            "module.dominus_server.module.dominus_image.docker_image.image",
            "module.dominus_server.module.dominus_volume.docker_volume.volume",
            "module.network.docker_network.network",
            "module.redis_server.module.redis_container.docker_container.container",
            "module.redis_server.module.redis_image.docker_image.image",
            "module.redis_server.module.redis_volume.docker_volume.volume"
          ]
        }
      ]
    },
    {
      "module": "module.dominus_server.module.dominus_image",
      "mode": "managed",
      "type": "docker_image",
      "name": "image",
      "provider": "provider[\"registry.terraform.io/kreuzwerker/docker\"]",
      "instances": [
        {
          "schema_version": 0,
          "attributes": {
            "build": [
              {
                "additional_contexts": [],
                "auth_config": [],
                "build_args": {
                  "GITHUB_TOKEN": "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"
                },
                "build_id": "",
                "build_log_file": "",
                "builder": "",
                "cache_from": [],
                "cache_to": [],
                "cgroup_parent": "",
                "context": "D:/www.projects.com/unir-projects/miss-project/dominus-broker",
                "cpu_period": null,
                "cpu_quota": null,
                "cpu_set_cpus": "",
                "cpu_set_mems": "",
                "cpu_shares": null,
                "dockerfile": "Dockerfile",
                "extra_hosts": [],
                "force_remove": null,
                "isolation": "",
                "label": null,
                "labels": null,
                "memory": null,
                "memory_swap": null,
                "network_mode": "",
                "no_cache": true,
                "platform": "",
                "pull_parent": null,
                "remote_context": "",
                "remove": true,
                "secrets": [],
                "security_opt": [],
                "session_id": "",
                "shm_size": null,
                "squash": null,
                "suppress_output": null,
                "tag": [],
                "target": "",
                "ulimit": [],
                "use_legacy_builder": false,
                "version": ""
              }
            ],
            "force_remove": true,
            "id": "sha256:4e959cc7622d0e3ac8e1d24dec49c4321f1f0b598a5ac57c07ad4651497a1d06dominus-broker:local",
            "image_id": "sha256:4e959cc7622d0e3ac8e1d24dec49c4321f1f0b598a5ac57c07ad4651497a1d06",
            "keep_locally": false,
            "name": "dominus-broker:local",
            "platform": null,
            "pull_triggers": null,
            "repo_digest": "dominus-broker@sha256:4e959cc7622d0e3ac8e1d24dec49c4321f1f0b598a5ac57c07ad4651497a1d06",
            "timeouts": null,
            "triggers": null
          },
          "sensitive_attributes": [],
          "identity_schema_version": 0,
          "private": "eyJlMmJmYjczMC1lY2FhLTExZTYtOGY4OC0zNDM2M2JjN2M0YzAiOnsiY3JlYXRlIjoxMjAwMDAwMDAwMDAwLCJkZWxldGUiOjEyMDAwMDAwMDAwMDAsInVwZGF0ZSI6MTIwMDAwMDAwMDAwMH19",
          "dependencies": [
            "module.network.docker_network.network",
            "module.redis_server.module.redis_container.docker_container.container",
            "module.redis_server.module.redis_image.docker_image.image",
            "module.redis_server.module.redis_volume.docker_volume.volume"
          ]
        }
      ]
    },
    {
      "module": "module.dominus_server.module.dominus_volume",
      "mode": "managed",
      "type": "docker_volume",
      "name": "volume",
      "provider": "provider[\"registry.terraform.io/kreuzwerker/docker\"]",
      "instances": [
        {
          "schema_version": 1,
          "attributes": {
            "cluster": [],
            "driver": "local",
            "driver_opts": null,
            "id": "dominus_certs",
            "labels": [],
            "mountpoint": "/var/lib/docker/volumes/dominus_certs/_data",
            "name": "dominus_certs"
          },
          "sensitive_attributes": [],
          "identity_schema_version": 0,
          "private": "eyJzY2hlbWFfdmVyc2lvbiI6IjEifQ==",
          "dependencies": [
            "module.network.docker_network.network",
            "module.redis_server.module.redis_container.docker_container.container",
            "module.redis_server.module.redis_image.docker_image.image",
            "module.redis_server.module.redis_volume.docker_volume.volume"
          ]
        }
      ]
    },
    {
      "module": "module.grafana_server.module.grafana_container",
      "mode": "managed",
      "type": "docker_container",
      "name": "container",
      "provider": "provider[\"registry.terraform.io/kreuzwerker/docker\"]",
      "instances": [
        {
          "schema_version": 2,
          "attributes": {
            "attach": false,
            "bridge": "",
            "capabilities": [],
            "cgroup_parent": null,
            "cgroupns_mode": null,
            "command": [],
            "container_logs": null,
            "container_read_refresh_timeout_milliseconds": 15000,
            "cpu_period": null,
            "cpu_quota": null,
            "cpu_set": "",
            "cpu_shares": 0,
            "cpus": "2.5",
            "destroy_grace_seconds": null,
            "device_read_bps": [],
            "device_read_iops": [],
            "device_requests": [],
            "device_write_bps": [],
            "device_write_iops": [],
            "devices": [],
            "dns": null,
            "dns_opts": null,
            "dns_search": null,
            "domainname": "",
            "entrypoint": [
              "/run.sh"
            ],
            "env": [
              "GF_AUTH_ANONYMOUS_ENABLED=false",
              "GF_INSTALL_PLUGINS=grafana-clock-panel,grafana-simple-json-datasource",
              "GF_SECURITY_ADMIN_PASSWORD=admin",
              "GF_SECURITY_ADMIN_USER=admin"
            ],
            "exit_code": null,
            "gpus": null,
            "group_add": null,
            "healthcheck": [
              {
                "interval": "1m0s",
                "retries": 3,
                "start_interval": "0s",
                "start_period": "0s",
                "test": [
                  "CMD",
                  "wget",
                  "-qO-",
                  "http://grafana:3000/login"
                ],
                "timeout": "1s"
              }
            ],
            "host": [],
            "hostname": "a1d0e9550d44",
            "id": "a1d0e9550d44cfe382858bc6707ffc4618121acbf86f3f2fea0e2ff96940b605",
            "image": "sha256:83749231c3835e390a3144e5e940203e42b9589761f20ef3169c716e734ad505",
            "init": false,
            "ipc_mode": "private",
            "labels": [],
            "log_driver": "json-file",
            "log_opts": null,
            "logs": false,
            "max_retry_count": 0,
            "memory": 6,
            "memory_reservation": 0,
            "memory_swap": 12,
            "mounts": [],
            "must_run": true,
            "name": "grafana",
            "network_data": [
              {
                "gateway": "172.19.0.1",
                "global_ipv6_address": "",
                "global_ipv6_prefix_length": 0,
                "ip_address": "172.19.0.3",
                "ip_prefix_length": 16,
                "ipv6_gateway": "",
                "mac_address": "26:2a:9c:69:b3:6d",
                "network_name": "dominus"
              }
            ],
            "network_mode": "bridge",
            "networks_advanced": [
              {
                "aliases": [],
                "driver_opts": [],
                "gw_priority": null,
                "ipv4_address": "",
                "ipv6_address": "",
                "link_local_ips": [],
                "mac_address": "",
                "name": "dominus"
              }
            ],
            "pid_mode": "",
            "ports": [
              {
                "external": 3000,
                "internal": 3000,
                "ip": "0.0.0.0",
                "protocol": "tcp"
              }
            ],
            "privileged": false,
            "publish_all_ports": false,
            "read_only": false,
            "remove_volumes": true,
            "restart": "no",
            "rm": false,
            "runtime": "runc",
            "security_opts": [],
            "shm_size": 64,
            "start": true,
            "stdin_open": false,
            "stop_signal": "",
            "stop_timeout": 1,
            "storage_opts": null,
            "sysctls": null,
            "timeouts": null,
            "tmpfs": null,
            "tty": false,
            "ulimit": [],
            "upload": [],
            "user": "472",
            "userns_mode": "",
            "volumes": [
              {
                "container_path": "/var/lib/grafana",
                "from_container": "",
                "host_path": "",
                "read_only": false,
                "selinux_relabel": "",
                "volume_name": "grafana_data"
              }
            ],
            "wait": false,
            "wait_timeout": 60,
            "working_dir": "/usr/share/grafana"
          },
          "sensitive_attributes": [
            [
              {
                "type": "get_attr",
                "value": "env"
              }
            ]
          ],
          "identity_schema_version": 0,
          "private": "eyJlMmJmYjczMC1lY2FhLTExZTYtOGY4OC0zNDM2M2JjN2M0YzAiOnsiY3JlYXRlIjoxMjAwMDAwMDAwMDAwLCJkZWxldGUiOjEyMDAwMDAwMDAwMDAsInVwZGF0ZSI6MTIwMDAwMDAwMDAwMH0sInNjaGVtYV92ZXJzaW9uIjoiMiJ9",
          "dependencies": [
            "module.dominus_server.module.dominus_container.docker_container.container",
            "module.dominus_server.module.dominus_image.docker_image.image",
            "module.dominus_server.module.dominus_volume.docker_volume.volume",
            "module.grafana_server.module.grafana_image.docker_image.image",
            "module.grafana_server.module.grafana_volume.docker_volume.volume",
            "module.network.docker_network.network",
            "module.prometheus_server.module.prometheus_container.docker_container.container",
            "module.prometheus_server.module.prometheus_image.docker_image.image",
            "module.prometheus_server.module.prometheus_volume.docker_volume.volume",
            "module.redis_server.module.redis_container.docker_container.container",
            "module.redis_server.module.redis_image.docker_image.image",
            "module.redis_server.module.redis_volume.docker_volume.volume",
            "module.sidecar_server.module.sidecar_container.docker_container.container",
            "module.sidecar_server.module.sidecar_image.docker_image.image"
          ]
        }
      ]
    },
    {
      "module": "module.grafana_server.module.grafana_image",
      "mode": "managed",
      "type": "docker_image",
      "name": "image",
      "provider": "provider[\"registry.terraform.io/kreuzwerker/docker\"]",
      "instances": [
        {
          "schema_version": 0,
          "attributes": {
            "build": [],
            "force_remove": true,
            "id": "sha256:83749231c3835e390a3144e5e940203e42b9589761f20ef3169c716e734ad505grafana/grafana:latest",
            "image_id": "sha256:83749231c3835e390a3144e5e940203e42b9589761f20ef3169c716e734ad505",
            "keep_locally": false,
            "name": "grafana/grafana:latest",
            "platform": null,
            "pull_triggers": null,
            "repo_digest": "grafana/grafana@sha256:83749231c3835e390a3144e5e940203e42b9589761f20ef3169c716e734ad505",
            "timeouts": null,
            "triggers": null
          },
          "sensitive_attributes": [],
          "identity_schema_version": 0,
          "private": "eyJlMmJmYjczMC1lY2FhLTExZTYtOGY4OC0zNDM2M2JjN2M0YzAiOnsiY3JlYXRlIjoxMjAwMDAwMDAwMDAwLCJkZWxldGUiOjEyMDAwMDAwMDAwMDAsInVwZGF0ZSI6MTIwMDAwMDAwMDAwMH19",
          "dependencies": [
            "module.dominus_server.module.dominus_container.docker_container.container",
            "module.dominus_server.module.dominus_image.docker_image.image",
            "module.dominus_server.module.dominus_volume.docker_volume.volume",
            "module.network.docker_network.network",
            "module.prometheus_server.module.prometheus_container.docker_container.container",
            "module.prometheus_server.module.prometheus_image.docker_image.image",
            "module.prometheus_server.module.prometheus_volume.docker_volume.volume",
            "module.redis_server.module.redis_container.docker_container.container",
            "module.redis_server.module.redis_image.docker_image.image",
            "module.redis_server.module.redis_volume.docker_volume.volume",
            "module.sidecar_server.module.sidecar_container.docker_container.container",
            "module.sidecar_server.module.sidecar_image.docker_image.image"
          ]
        }
      ]
    },
    {
      "module": "module.grafana_server.module.grafana_volume",
      "mode": "managed",
      "type": "docker_volume",
      "name": "volume",
      "provider": "provider[\"registry.terraform.io/kreuzwerker/docker\"]",
      "instances": [
        {
          "schema_version": 1,
          "attributes": {
            "cluster": [],
            "driver": "local",
            "driver_opts": null,
            "id": "grafana_data",
            "labels": [],
            "mountpoint": "/var/lib/docker/volumes/grafana_data/_data",
            "name": "grafana_data"
          },
          "sensitive_attributes": [],
          "identity_schema_version": 0,
          "private": "eyJzY2hlbWFfdmVyc2lvbiI6IjEifQ==",
          "dependencies": [
            "module.dominus_server.module.dominus_container.docker_container.container",
            "module.dominus_server.module.dominus_image.docker_image.image",
            "module.dominus_server.module.dominus_volume.docker_volume.volume",
            "module.network.docker_network.network",
            "module.prometheus_server.module.prometheus_container.docker_container.container",
            "module.prometheus_server.module.prometheus_image.docker_image.image",
            "module.prometheus_server.module.prometheus_volume.docker_volume.volume",
            "module.redis_server.module.redis_container.docker_container.container",
            "module.redis_server.module.redis_image.docker_image.image",
            "module.redis_server.module.redis_volume.docker_volume.volume",
            "module.sidecar_server.module.sidecar_container.docker_container.container",
            "module.sidecar_server.module.sidecar_image.docker_image.image"
          ]
        }
      ]
    },
    {
      "module": "module.network",
      "mode": "managed",
      "type": "docker_network",
      "name": "network",
      "provider": "provider[\"registry.terraform.io/kreuzwerker/docker\"]",
      "instances": [
        {
          "schema_version": 1,
          "attributes": {
            "attachable": false,
            "driver": "bridge",
            "id": "f61bd8777ce62345775c498db86809bd9b8ad4367bd06f3059982bbcd1d5808d",
            "ingress": false,
            "internal": false,
            "ipam_config": [
              {
                "aux_address": {},
                "gateway": "172.19.0.1",
                "ip_range": "",
                "subnet": "172.19.0.0/16"
              }
            ],
            "ipam_driver": "default",
            "ipam_options": null,
            "ipv6": false,
            "labels": [],
            "name": "dominus",
            "options": {
              "com.docker.network.enable_ipv4": "true",
              "com.docker.network.enable_ipv6": "false"
            },
            "scope": "local"
          },
          "sensitive_attributes": [],
          "identity_schema_version": 0,
          "private": "eyJzY2hlbWFfdmVyc2lvbiI6IjEifQ=="
        }
      ]
    },
    {
      "module": "module.prometheus_server.module.prometheus_container",
      "mode": "managed",
      "type": "docker_container",
      "name": "container",
      "provider": "provider[\"registry.terraform.io/kreuzwerker/docker\"]",
      "instances": [
        {
          "schema_version": 2,
          "attributes": {
            "attach": false,
            "bridge": "",
            "capabilities": [],
            "cgroup_parent": null,
            "cgroupns_mode": null,
            "command": [
              "--config.file=/etc/prometheus/prometheus.yml",
              "--storage.tsdb.path=/prometheus"
            ],
            "container_logs": null,
            "container_read_refresh_timeout_milliseconds": 15000,
            "cpu_period": null,
            "cpu_quota": null,
            "cpu_set": "",
            "cpu_shares": 0,
            "cpus": "2.5",
            "destroy_grace_seconds": null,
            "device_read_bps": [],
            "device_read_iops": [],
            "device_requests": [],
            "device_write_bps": [],
            "device_write_iops": [],
            "devices": [],
            "dns": null,
            "dns_opts": null,
            "dns_search": null,
            "domainname": "",
            "entrypoint": [
              "/bin/prometheus"
            ],
            "env": [],
            "exit_code": null,
            "gpus": null,
            "group_add": null,
            "healthcheck": [
              {
                "interval": "1m0s",
                "retries": 3,
                "start_interval": "0s",
                "start_period": "0s",
                "test": [
                  "CMD",
                  "wget",
                  "-qO-",
                  "http://prometheus:9090/-/ready"
                ],
                "timeout": "1s"
              }
            ],
            "host": [],
            "hostname": "0d392d06952e",
            "id": "0d392d06952e957ac89292fabb2b69285bf322b047bdae52e3e59ec563be6928",
            "image": "sha256:759ea6db49103737f2a6f420b0d1632062d8ad99dec086c76db605fd0bf23e15",
            "init": false,
            "ipc_mode": "private",
            "labels": [],
            "log_driver": "json-file",
            "log_opts": null,
            "logs": false,
            "max_retry_count": 0,
            "memory": 6,
            "memory_reservation": 0,
            "memory_swap": 12,
            "mounts": [],
            "must_run": true,
            "name": "prometheus",
            "network_data": [
              {
                "gateway": "172.19.0.1",
                "global_ipv6_address": "",
                "global_ipv6_prefix_length": 0,
                "ip_address": "172.19.0.3",
                "ip_prefix_length": 16,
                "ipv6_gateway": "",
                "mac_address": "8a:cd:42:32:bf:4f",
                "network_name": "dominus"
              }
            ],
            "network_mode": "bridge",
            "networks_advanced": [
              {
                "aliases": [],
                "driver_opts": [],
                "gw_priority": null,
                "ipv4_address": "",
                "ipv6_address": "",
                "link_local_ips": [],
                "mac_address": "",
                "name": "dominus"
              }
            ],
            "pid_mode": "",
            "ports": [
              {
                "external": 9090,
                "internal": 9090,
                "ip": "0.0.0.0",
                "protocol": "tcp"
              }
            ],
            "privileged": false,
            "publish_all_ports": false,
            "read_only": false,
            "remove_volumes": true,
            "restart": "no",
            "rm": false,
            "runtime": "runc",
            "security_opts": [],
            "shm_size": 64,
            "start": true,
            "stdin_open": false,
            "stop_signal": "",
            "stop_timeout": 1,
            "storage_opts": null,
            "sysctls": null,
            "timeouts": null,
            "tmpfs": null,
            "tty": false,
            "ulimit": [],
            "upload": [],
            "user": "nobody",
            "userns_mode": "",
            "volumes": [
              {
                "container_path": "/etc/prometheus/prometheus.yml",
                "from_container": "",
                "host_path": "D:/www.projects.com/unir-projects/miss-project/dominus-broker/terraform/dev/prometheus/prometheus.yml",
                "read_only": true,
                "selinux_relabel": "",
                "volume_name": ""
              },
              {
                "container_path": "/prometheus",
                "from_container": "",
                "host_path": "",
                "read_only": false,
                "selinux_relabel": "",
                "volume_name": "prometheus_data"
              }
            ],
            "wait": false,
            "wait_timeout": 60,
            "working_dir": "/prometheus"
          },
          "sensitive_attributes": [],
          "identity_schema_version": 0,
          "private": "eyJlMmJmYjczMC1lY2FhLTExZTYtOGY4OC0zNDM2M2JjN2M0YzAiOnsiY3JlYXRlIjoxMjAwMDAwMDAwMDAwLCJkZWxldGUiOjEyMDAwMDAwMDAwMDAsInVwZGF0ZSI6MTIwMDAwMDAwMDAwMH0sInNjaGVtYV92ZXJzaW9uIjoiMiJ9",
          "dependencies": [
            "module.dominus_server.module.dominus_container.docker_container.container",
            "module.dominus_server.module.dominus_image.docker_image.image",
            "module.dominus_server.module.dominus_volume.docker_volume.volume",
            "module.network.docker_network.network",
            "module.prometheus_server.module.prometheus_image.docker_image.image",
            "module.prometheus_server.module.prometheus_volume.docker_volume.volume",
            "module.redis_server.module.redis_container.docker_container.container",
            "module.redis_server.module.redis_image.docker_image.image",
            "module.redis_server.module.redis_volume.docker_volume.volume",
            "module.sidecar_server.module.sidecar_container.docker_container.container",
            "module.sidecar_server.module.sidecar_image.docker_image.image"
          ]
        }
      ]
    },
    {
      "module": "module.prometheus_server.module.prometheus_image",
      "mode": "managed",
      "type": "docker_image",
      "name": "image",
      "provider": "provider[\"registry.terraform.io/kreuzwerker/docker\"]",
      "instances": [
        {
          "schema_version": 0,
          "attributes": {
            "build": [],
            "force_remove": true,
            "id": "sha256:759ea6db49103737f2a6f420b0d1632062d8ad99dec086c76db605fd0bf23e15prom/prometheus:latest",
            "image_id": "sha256:759ea6db49103737f2a6f420b0d1632062d8ad99dec086c76db605fd0bf23e15",
            "keep_locally": false,
            "name": "prom/prometheus:latest",
            "platform": null,
            "pull_triggers": null,
            "repo_digest": "prom/prometheus@sha256:759ea6db49103737f2a6f420b0d1632062d8ad99dec086c76db605fd0bf23e15",
            "timeouts": null,
            "triggers": null
          },
          "sensitive_attributes": [],
          "identity_schema_version": 0,
          "private": "eyJlMmJmYjczMC1lY2FhLTExZTYtOGY4OC0zNDM2M2JjN2M0YzAiOnsiY3JlYXRlIjoxMjAwMDAwMDAwMDAwLCJkZWxldGUiOjEyMDAwMDAwMDAwMDAsInVwZGF0ZSI6MTIwMDAwMDAwMDAwMH19",
          "dependencies": [
            "module.dominus_server.module.dominus_container.docker_container.container",
            "module.dominus_server.module.dominus_image.docker_image.image",
            "module.dominus_server.module.dominus_volume.docker_volume.volume",
            "module.network.docker_network.network",
            "module.redis_server.module.redis_container.docker_container.container",
            "module.redis_server.module.redis_image.docker_image.image",
            "module.redis_server.module.redis_volume.docker_volume.volume",
            "module.sidecar_server.module.sidecar_container.docker_container.container",
            "module.sidecar_server.module.sidecar_image.docker_image.image"
          ]
        }
      ]
    },
    {
      "module": "module.prometheus_server.module.prometheus_volume",
      "mode": "managed",
      "type": "docker_volume",
      "name": "volume",
      "provider": "provider[\"registry.terraform.io/kreuzwerker/docker\"]",
      "instances": [
        {
          "schema_version": 1,
          "attributes": {
            "cluster": [],
            "driver": "local",
            "driver_opts": null,
            "id": "prometheus_data",
            "labels": [],
            "mountpoint": "/var/lib/docker/volumes/prometheus_data/_data",
            "name": "prometheus_data"
          },
          "sensitive_attributes": [],
          "identity_schema_version": 0,
          "private": "eyJzY2hlbWFfdmVyc2lvbiI6IjEifQ==",
          "dependencies": [
            "module.dominus_server.module.dominus_container.docker_container.container",
            "module.dominus_server.module.dominus_image.docker_image.image",
            "module.dominus_server.module.dominus_volume.docker_volume.volume",
            "module.network.docker_network.network",
            "module.redis_server.module.redis_container.docker_container.container",
            "module.redis_server.module.redis_image.docker_image.image",
            "module.redis_server.module.redis_volume.docker_volume.volume",
            "module.sidecar_server.module.sidecar_container.docker_container.container",
            "module.sidecar_server.module.sidecar_image.docker_image.image"
          ]
        }
      ]
    },
    {
      "module": "module.redis_server.module.redis_container",
      "mode": "managed",
      "type": "docker_container",
      "name": "container",
      "provider": "provider[\"registry.terraform.io/kreuzwerker/docker\"]",
      "instances": [
        {
          "schema_version": 2,
          "attributes": {
            "attach": false,
            "bridge": "",
            "capabilities": [],
            "cgroup_parent": null,
            "cgroupns_mode": null,
            "command": [
              "redis-server",
              "/usr/local/etc/redis/redis.conf"
            ],
            "container_logs": null,
            "container_read_refresh_timeout_milliseconds": 15000,
            "cpu_period": null,
            "cpu_quota": null,
            "cpu_set": "",
            "cpu_shares": 0,
            "cpus": "2.5",
            "destroy_grace_seconds": null,
            "device_read_bps": [],
            "device_read_iops": [],
            "device_requests": [],
            "device_write_bps": [],
            "device_write_iops": [],
            "devices": [],
            "dns": null,
            "dns_opts": null,
            "dns_search": null,
            "domainname": "",
            "entrypoint": [
              "docker-entrypoint.sh"
            ],
            "env": [],
            "exit_code": null,
            "gpus": null,
            "group_add": null,
            "healthcheck": [
              {
                "interval": "1m0s",
                "retries": 3,
                "start_interval": "0s",
                "start_period": "0s",
                "test": [
                  "CMD",
                  "redis-cli",
                  "-p",
                  "6379",
                  "ping"
                ],
                "timeout": "1s"
              }
            ],
            "host": [],
            "hostname": "74d90738a101",
            "id": "74d90738a101aa7a86138cb5f582a2d648fa2487cb8eb325efde64e611203109",
            "image": "sha256:efaeb9e1c3a971315e89c1b494ea39f4d2e3c699208b671184182d8eb58112ab",
            "init": false,
            "ipc_mode": "private",
            "labels": [],
            "log_driver": "json-file",
            "log_opts": null,
            "logs": false,
            "max_retry_count": 0,
            "memory": 6,
            "memory_reservation": 0,
            "memory_swap": 12,
            "mounts": [],
            "must_run": true,
            "name": "redis",
            "network_data": [
              {
                "gateway": "172.19.0.1",
                "global_ipv6_address": "",
                "global_ipv6_prefix_length": 0,
                "ip_address": "172.19.0.2",
                "ip_prefix_length": 16,
                "ipv6_gateway": "",
                "mac_address": "ea:90:09:e6:e2:20",
                "network_name": "dominus"
              }
            ],
            "network_mode": "bridge",
            "networks_advanced": [
              {
                "aliases": [],
                "driver_opts": [],
                "gw_priority": null,
                "ipv4_address": "",
                "ipv6_address": "",
                "link_local_ips": [],
                "mac_address": "",
                "name": "dominus"
              }
            ],
            "pid_mode": "",
            "ports": [
              {
                "external": 6379,
                "internal": 6379,
                "ip": "0.0.0.0",
                "protocol": "tcp"
              }
            ],
            "privileged": false,
            "publish_all_ports": false,
            "read_only": false,
            "remove_volumes": true,
            "restart": "no",
            "rm": false,
            "runtime": "runc",
            "security_opts": [],
            "shm_size": 64,
            "start": true,
            "stdin_open": false,
            "stop_signal": "",
            "stop_timeout": 1,
            "storage_opts": null,
            "sysctls": null,
            "timeouts": null,
            "tmpfs": null,
            "tty": false,
            "ulimit": [],
            "upload": [],
            "user": "",
            "userns_mode": "",
            "volumes": [
              {
                "container_path": "/data",
                "from_container": "",
                "host_path": "",
                "read_only": false,
                "selinux_relabel": "",
                "volume_name": "redis_data"
              },
              {
                "container_path": "/usr/local/etc/redis/redis.conf",
                "from_container": "",
                "host_path": "D:/www.projects.com/unir-projects/miss-project/dominus-broker/terraform/dev/redis/redis.conf",
                "read_only": false,
                "selinux_relabel": "",
                "volume_name": ""
              }
            ],
            "wait": false,
            "wait_timeout": 60,
            "working_dir": "/data"
          },
          "sensitive_attributes": [],
          "identity_schema_version": 0,
          "private": "eyJlMmJmYjczMC1lY2FhLTExZTYtOGY4OC0zNDM2M2JjN2M0YzAiOnsiY3JlYXRlIjoxMjAwMDAwMDAwMDAwLCJkZWxldGUiOjEyMDAwMDAwMDAwMDAsInVwZGF0ZSI6MTIwMDAwMDAwMDAwMH0sInNjaGVtYV92ZXJzaW9uIjoiMiJ9",
          "dependencies": [
            "module.network.docker_network.network",
            "module.redis_server.module.redis_image.docker_image.image",
            "module.redis_server.module.redis_volume.docker_volume.volume"
          ]
        }
      ]
    },
    {
      "module": "module.redis_server.module.redis_image",
      "mode": "managed",
      "type": "docker_image",
      "name": "image",
      "provider": "provider[\"registry.terraform.io/kreuzwerker/docker\"]",
      "instances": [
        {
          "schema_version": 0,
          "attributes": {
            "build": [
              {
                "additional_contexts": [],
                "auth_config": [],
                "build_args": {
                  "GITHUB_TOKEN": ""
                },
                "build_id": "",
                "build_log_file": "",
                "builder": "",
                "cache_from": [],
                "cache_to": [],
                "cgroup_parent": "",
                "context": "D:/www.projects.com/unir-projects/miss-project/dominus-broker/terraform/dev/redis",
                "cpu_period": null,
                "cpu_quota": null,
                "cpu_set_cpus": "",
                "cpu_set_mems": "",
                "cpu_shares": null,
                "dockerfile": "Dockerfile",
                "extra_hosts": [],
                "force_remove": null,
                "isolation": "",
                "label": null,
                "labels": null,
                "memory": null,
                "memory_swap": null,
                "network_mode": "",
                "no_cache": true,
                "platform": "",
                "pull_parent": null,
                "remote_context": "",
                "remove": true,
                "secrets": [],
                "security_opt": [],
                "session_id": "",
                "shm_size": null,
                "squash": null,
                "suppress_output": null,
                "tag": [],
                "target": "",
                "ulimit": [],
                "use_legacy_builder": false,
                "version": ""
              }
            ],
            "force_remove": true,
            "id": "sha256:efaeb9e1c3a971315e89c1b494ea39f4d2e3c699208b671184182d8eb58112abredis-dev:local",
            "image_id": "sha256:efaeb9e1c3a971315e89c1b494ea39f4d2e3c699208b671184182d8eb58112ab",
            "keep_locally": false,
            "name": "redis-dev:local",
            "platform": null,
            "pull_triggers": null,
            "repo_digest": "redis-dev@sha256:efaeb9e1c3a971315e89c1b494ea39f4d2e3c699208b671184182d8eb58112ab",
            "timeouts": null,
            "triggers": null
          },
          "sensitive_attributes": [],
          "identity_schema_version": 0,
          "private": "eyJlMmJmYjczMC1lY2FhLTExZTYtOGY4OC0zNDM2M2JjN2M0YzAiOnsiY3JlYXRlIjoxMjAwMDAwMDAwMDAwLCJkZWxldGUiOjEyMDAwMDAwMDAwMDAsInVwZGF0ZSI6MTIwMDAwMDAwMDAwMH19"
        }
      ]
    },
    {
      "module": "module.redis_server.module.redis_volume",
      "mode": "managed",
      "type": "docker_volume",
      "name": "volume",
      "provider": "provider[\"registry.terraform.io/kreuzwerker/docker\"]",
      "instances": [
        {
          "schema_version": 1,
          "attributes": {
            "cluster": [],
            "driver": "local",
            "driver_opts": null,
            "id": "redis_data",
            "labels": [],
            "mountpoint": "/var/lib/docker/volumes/redis_data/_data",
            "name": "redis_data"
          },
          "sensitive_attributes": [],
          "identity_schema_version": 0,
          "private": "eyJzY2hlbWFfdmVyc2lvbiI6IjEifQ=="
        }
      ]
    },
    {
      "module": "module.sidecar_server.module.sidecar_container",
      "mode": "managed",
      "type": "docker_container",
      "name": "container",
      "provider": "provider[\"registry.terraform.io/kreuzwerker/docker\"]",
      "instances": [
        {
          "schema_version": 2,
          "attributes": {
            "attach": false,
            "bridge": "",
            "capabilities": [],
            "cgroup_parent": null,
            "cgroupns_mode": null,
            "command": [
              "nginx",
              "-g",
              "daemon off;"
            ],
            "container_logs": null,
            "container_read_refresh_timeout_milliseconds": 15000,
            "cpu_period": null,
            "cpu_quota": null,
            "cpu_set": "",
            "cpu_shares": 0,
            "cpus": "1.5",
            "destroy_grace_seconds": null,
            "device_read_bps": [],
            "device_read_iops": [],
            "device_requests": [],
            "device_write_bps": [],
            "device_write_iops": [],
            "devices": [],
            "dns": null,
            "dns_opts": null,
            "dns_search": null,
            "domainname": "",
            "entrypoint": [
              "/docker-entrypoint.sh"
            ],
            "env": [
              "NGINX_ENVSUBST_TEMPLATE_SUFFIX=.conf",
              "NGINX_HOST=0.0.0.0",
              "NGINX_PORT=80"
            ],
            "exit_code": null,
            "gpus": null,
            "group_add": null,
            "healthcheck": [
              {
                "interval": "1m0s",
                "retries": 3,
                "start_interval": "0s",
                "start_period": "0s",
                "test": [
                  "CMD",
                  "curl",
                  "-f",
                  "http://127.0.0.1:80/"
                ],
                "timeout": "1s"
              }
            ],
            "host": [],
            "hostname": "7a51256f6a21",
            "id": "7a51256f6a218d665ebf08d950b75b0a523da646cb3735602313b26c15d24e0c",
            "image": "sha256:7f0adca1fc6c29c8dc49a2e90037a10ba20dc266baaed0988e9fb4d0d8b85ba0",
            "init": false,
            "ipc_mode": "private",
            "labels": [],
            "log_driver": "json-file",
            "log_opts": null,
            "logs": false,
            "max_retry_count": 0,
            "memory": 6,
            "memory_reservation": 0,
            "memory_swap": 12,
            "mounts": [],
            "must_run": true,
            "name": "sidecar",
            "network_data": [
              {
                "gateway": "172.19.0.1",
                "global_ipv6_address": "",
                "global_ipv6_prefix_length": 0,
                "ip_address": "172.19.0.3",
                "ip_prefix_length": 16,
                "ipv6_gateway": "",
                "mac_address": "7a:75:a5:ba:3f:65",
                "network_name": "dominus"
              }
            ],
            "network_mode": "bridge",
            "networks_advanced": [
              {
                "aliases": [],
                "driver_opts": [],
                "gw_priority": null,
                "ipv4_address": "",
                "ipv6_address": "",
                "link_local_ips": [],
                "mac_address": "",
                "name": "dominus"
              }
            ],
            "pid_mode": "",
            "ports": [
              {
                "external": 80,
                "internal": 80,
                "ip": "0.0.0.0",
                "protocol": "tcp"
              }
            ],
            "privileged": false,
            "publish_all_ports": false,
            "read_only": false,
            "remove_volumes": true,
            "restart": "no",
            "rm": false,
            "runtime": "runc",
            "security_opts": [],
            "shm_size": 64,
            "start": true,
            "stdin_open": false,
            "stop_signal": "SIGQUIT",
            "stop_timeout": 1,
            "storage_opts": null,
            "sysctls": null,
            "timeouts": null,
            "tmpfs": null,
            "tty": false,
            "ulimit": [],
            "upload": [],
            "user": "",
            "userns_mode": "",
            "volumes": [
              {
                "container_path": "/etc/nginx/nginx.conf",
                "from_container": "",
                "host_path": "D:/www.projects.com/unir-projects/miss-project/dominus-broker/terraform/dev/sidecar/nginx.conf",
                "read_only": true,
                "selinux_relabel": "",
                "volume_name": ""
              }
            ],
            "wait": false,
            "wait_timeout": 60,
            "working_dir": ""
          },
          "sensitive_attributes": [],
          "identity_schema_version": 0,
          "private": "eyJlMmJmYjczMC1lY2FhLTExZTYtOGY4OC0zNDM2M2JjN2M0YzAiOnsiY3JlYXRlIjoxMjAwMDAwMDAwMDAwLCJkZWxldGUiOjEyMDAwMDAwMDAwMDAsInVwZGF0ZSI6MTIwMDAwMDAwMDAwMH0sInNjaGVtYV92ZXJzaW9uIjoiMiJ9",
          "dependencies": [
            "module.dominus_server.module.dominus_container.docker_container.container",
            "module.dominus_server.module.dominus_image.docker_image.image",
            "module.dominus_server.module.dominus_volume.docker_volume.volume",
            "module.network.docker_network.network",
            "module.redis_server.module.redis_container.docker_container.container",
            "module.redis_server.module.redis_image.docker_image.image",
            "module.redis_server.module.redis_volume.docker_volume.volume",
            "module.sidecar_server.module.sidecar_image.docker_image.image"
          ]
        }
      ]
    },
    {
      "module": "module.sidecar_server.module.sidecar_image",
      "mode": "managed",
      "type": "docker_image",
      "name": "image",
      "provider": "provider[\"registry.terraform.io/kreuzwerker/docker\"]",
      "instances": [
        {
          "schema_version": 0,
          "attributes": {
            "build": [],
            "force_remove": true,
            "id": "sha256:7f0adca1fc6c29c8dc49a2e90037a10ba20dc266baaed0988e9fb4d0d8b85ba0nginx:latest",
            "image_id": "sha256:7f0adca1fc6c29c8dc49a2e90037a10ba20dc266baaed0988e9fb4d0d8b85ba0",
            "keep_locally": false,
            "name": "nginx:latest",
            "platform": null,
            "pull_triggers": null,
            "repo_digest": "nginx@sha256:7f0adca1fc6c29c8dc49a2e90037a10ba20dc266baaed0988e9fb4d0d8b85ba0",
            "timeouts": null,
            "triggers": null
          },
          "sensitive_attributes": [],
          "identity_schema_version": 0,
          "private": "eyJlMmJmYjczMC1lY2FhLTExZTYtOGY4OC0zNDM2M2JjN2M0YzAiOnsiY3JlYXRlIjoxMjAwMDAwMDAwMDAwLCJkZWxldGUiOjEyMDAwMDAwMDAwMDAsInVwZGF0ZSI6MTIwMDAwMDAwMDAwMH19",
          "dependencies": [
            "module.dominus_server.module.dominus_container.docker_container.container",
            "module.dominus_server.module.dominus_image.docker_image.image",
            "module.dominus_server.module.dominus_volume.docker_volume.volume",
            "module.network.docker_network.network",
            "module.redis_server.module.redis_container.docker_container.container",
            "module.redis_server.module.redis_image.docker_image.image",
            "module.redis_server.module.redis_volume.docker_volume.volume"
          ]
        }
      ]
    }
  ],
  "check_results": null
}
